
Microsoft Visual Studio Solution File, Format Version 11.00
# Visual Studio 2010
Project("{FAE04EC0-301F-11D3-BF4B-00C04F79EFBC}") = "AuthenticationDemo", "AuthenticationDemo\AuthenticationDemo.csproj", "{F319D4C4-9770-418E-9E28-F89D580F7275}"
EndProject
Global
	GlobalSection(SolutionConfigurationPlatforms) = preSolution
		Debug|Any CPU = Debug|Any CPU
		Release|Any CPU = Release|Any CPU
	EndGlobalSection
	GlobalSection(ProjectConfigurationPlatforms) = postSolution
		{F319D4C4-9770-418E-9E28-F89D580F7275}.Debug|Any CPU.ActiveCfg = Debug|Any CPU
		{F319D4C4-9770-418E-9E28-F89D580F7275}.Debug|Any CPU.Build.0 = Debug|Any CPU
		{F319D4C4-9770-418E-9E28-F89D580F7275}.Release|Any CPU.ActiveCfg = Release|Any CPU
		{F319D4C4-9770-418E-9E28-F89D580F7275}.Release|Any CPU.Build.0 = Release|Any CPU
	EndGlobalSection
	GlobalSection(SolutionProperties) = preSolution
		HideSolutionNode = FALSE
	EndGlobalSection
EndGlobal
